
Microsoft Visual Studio Solution File, Format Version 12.00
# Visual Studio 15
VisualStudioVersion = 15.0.26403.7
MinimumVisualStudioVersion = 10.0.40219.1
Project("{FAE04EC0-301F-11D3-BF4B-00C04F79EFBC}") = "HomeScreen", "HomeScreen\HomeScreen.csproj", "{177D261B-0AFA-46D1-A2BF-CF08B981F847}"
EndProject
Project("{FAE04EC0-301F-11D3-BF4B-00C04F79EFBC}") = "LogicLayer", "LogicLayer\LogicLayer.csproj", "{2674DB0D-DEE8-476D-BB85-33FC0583B917}"
EndProject
Project("{FAE04EC0-301F-11D3-BF4B-00C04F79EFBC}") = "DAL", "DAL\DAL.csproj", "{0D0DECBB-EB0B-4286-B1A0-D6AC30346527}"
EndProject
Global
	GlobalSection(SolutionConfigurationPlatforms) = preSolution
		Debug|Any CPU = Debug|Any CPU
		Release|Any CPU = Release|Any CPU
	EndGlobalSection
	GlobalSection(ProjectConfigurationPlatforms) = postSolution
		{177D261B-0AFA-46D1-A2BF-CF08B981F847}.Debug|Any CPU.ActiveCfg = Debug|Any CPU
		{177D261B-0AFA-46D1-A2BF-CF08B981F847}.Debug|Any CPU.Build.0 = Debug|Any CPU
		{177D261B-0AFA-46D1-A2BF-CF08B981F847}.Release|Any CPU.ActiveCfg = Release|Any CPU
		{177D261B-0AFA-46D1-A2BF-CF08B981F847}.Release|Any CPU.Build.0 = Release|Any CPU
		{2674DB0D-DEE8-476D-BB85-33FC0583B917}.Debug|Any CPU.ActiveCfg = Debug|Any CPU
		{2674DB0D-DEE8-476D-BB85-33FC0583B917}.Debug|Any CPU.Build.0 = Debug|Any CPU
		{2674DB0D-DEE8-476D-BB85-33FC0583B917}.Release|Any CPU.ActiveCfg = Release|Any CPU
		{2674DB0D-DEE8-476D-BB85-33FC0583B917}.Release|Any CPU.Build.0 = Release|Any CPU
		{0D0DECBB-EB0B-4286-B1A0-D6AC30346527}.Debug|Any CPU.ActiveCfg = Debug|Any CPU
		{0D0DECBB-EB0B-4286-B1A0-D6AC30346527}.Debug|Any CPU.Build.0 = Debug|Any CPU
		{0D0DECBB-EB0B-4286-B1A0-D6AC30346527}.Release|Any CPU.ActiveCfg = Release|Any CPU
		{0D0DECBB-EB0B-4286-B1A0-D6AC30346527}.Release|Any CPU.Build.0 = Release|Any CPU
	EndGlobalSection
	GlobalSection(SolutionProperties) = preSolution
		HideSolutionNode = FALSE
	EndGlobalSection
EndGlobal
